
Microsoft Visual Studio Solution File, Format Version 12.00
# Visual Studio Version 16
VisualStudioVersion = 16.0.29806.167
MinimumVisualStudioVersion = 10.0.40219.1
Project("{FAE04EC0-301F-11D3-BF4B-00C04F79EFBC}") = "Exercise_02", "Exercise_02\Exercise_02.csproj", "{344E92D7-2DB4-42D8-8DF1-ECEBED0331CC}"
EndProject
Global
	GlobalSection(SolutionConfigurationPlatforms) = preSolution
		Debug|Any CPU = Debug|Any CPU
		Release|Any CPU = Release|Any CPU
	EndGlobalSection
	GlobalSection(ProjectConfigurationPlatforms) = postSolution
		{344E92D7-2DB4-42D8-8DF1-ECEBED0331CC}.Debug|Any CPU.ActiveCfg = Debug|Any CPU
		{344E92D7-2DB4-42D8-8DF1-ECEBED0331CC}.Debug|Any CPU.Build.0 = Debug|Any CPU
		{344E92D7-2DB4-42D8-8DF1-ECEBED0331CC}.Release|Any CPU.ActiveCfg = Release|Any CPU
		{344E92D7-2DB4-42D8-8DF1-ECEBED0331CC}.Release|Any CPU.Build.0 = Release|Any CPU
	EndGlobalSection
	GlobalSection(SolutionProperties) = preSolution
		HideSolutionNode = FALSE
	EndGlobalSection
	GlobalSection(ExtensibilityGlobals) = postSolution
		SolutionGuid = {3919669D-7E9F-4A9D-906F-EF95562D5F98}
	EndGlobalSection
EndGlobal
